// !$*UTF8*$!
{
	archiveVersion = 1;
	classes = {
	};
	objectVersion = 56;
	objects = {

/* Begin PBXBuildFile section */
		22E9894D2FEDDDD69C1C9C2D /* Pods_AsphaltMadness.framework in Frameworks */ = {isa = PBXBuildFile; fileRef = 54F07F57A60714F853FAEAA9 /* Pods_AsphaltMadness.framework */; };
		5F570CC02A97CB0B00DA3E9C /* Jura-Bold.ttf in Resources */ = {isa = PBXBuildFile; fileRef = 5F570CBF2A97CB0B00DA3E9C /* Jura-Bold.ttf */; };
		5F9160752AA665D700658263 /* AdaptiveButton.swift in Sources */ = {isa = PBXBuildFile; fileRef = 5F9160742AA665D700658263 /* AdaptiveButton.swift */; };
		5FB418612AA7800C00B356DC /* Blazed.ttf in Resources */ = {isa = PBXBuildFile; fileRef = 5FB418602AA77FDD00B356DC /* Blazed.ttf */; };
		5FB8F2B02A91167000DD0B78 /* AppDelegate.swift in Sources */ = {isa = PBXBuildFile; fileRef = 5FB8F2AF2A91167000DD0B78 /* AppDelegate.swift */; };
		5FB8F2B22A91167000DD0B78 /* SceneDelegate.swift in Sources */ = {isa = PBXBuildFile; fileRef = 5FB8F2B12A91167000DD0B78 /* SceneDelegate.swift */; };
		5FB8F2B92A91167100DD0B78 /* Assets.xcassets in Resources */ = {isa = PBXBuildFile; fileRef = 5FB8F2B82A91167100DD0B78 /* Assets.xcassets */; };
		5FB8F2BC2A91167100DD0B78 /* LaunchScreen.storyboard in Resources */ = {isa = PBXBuildFile; fileRef = 5FB8F2BA2A91167100DD0B78 /* LaunchScreen.storyboard */; };
		5FB8F2CC2A91210B00DD0B78 /* AuthorizationVC.swift in Sources */ = {isa = PBXBuildFile; fileRef = 5FB8F2CB2A91210B00DD0B78 /* AuthorizationVC.swift */; };
		5FB8F2CE2A91211F00DD0B78 /* MainVC.swift in Sources */ = {isa = PBXBuildFile; fileRef = 5FB8F2CD2A91211F00DD0B78 /* MainVC.swift */; };
		5FB8F2D02A91213D00DD0B78 /* GameVC.swift in Sources */ = {isa = PBXBuildFile; fileRef = 5FB8F2CF2A91213D00DD0B78 /* GameVC.swift */; };
		5FB8F2D42A91291F00DD0B78 /* Extensions.swift in Sources */ = {isa = PBXBuildFile; fileRef = 5FB8F2D32A91291F00DD0B78 /* Extensions.swift */; };
		5FB8F2DA2A9204AE00DD0B78 /* BackgroundView.swift in Sources */ = {isa = PBXBuildFile; fileRef = 5FB8F2D92A9204AE00DD0B78 /* BackgroundView.swift */; };
		5FB8F2E12A95244C00DD0B78 /* Enums.swift in Sources */ = {isa = PBXBuildFile; fileRef = 5FB8F2E02A95244C00DD0B78 /* Enums.swift */; };
		5FD58C8F2A96895900A4B084 /* CarView.swift in Sources */ = {isa = PBXBuildFile; fileRef = 5FD58C8E2A96895900A4B084 /* CarView.swift */; };
		5FFBDC272AA0BD0F00F2946F /* SettingsVC.swift in Sources */ = {isa = PBXBuildFile; fileRef = 5FFBDC262AA0BD0F00F2946F /* SettingsVC.swift */; };
/* End PBXBuildFile section */

/* Begin PBXFileReference section */
		54F07F57A60714F853FAEAA9 /* Pods_AsphaltMadness.framework */ = {isa = PBXFileReference; explicitFileType = wrapper.framework; includeInIndex = 0; path = Pods_AsphaltMadness.framework; sourceTree = BUILT_PRODUCTS_DIR; };
		5F570CBF2A97CB0B00DA3E9C /* Jura-Bold.ttf */ = {isa = PBXFileReference; lastKnownFileType = file; path = "Jura-Bold.ttf"; sourceTree = "<group>"; };
		5F9160742AA665D700658263 /* AdaptiveButton.swift */ = {isa = PBXFileReference; lastKnownFileType = sourcecode.swift; path = AdaptiveButton.swift; sourceTree = "<group>"; };
		5FB418602AA77FDD00B356DC /* Blazed.ttf */ = {isa = PBXFileReference; lastKnownFileType = file; path = Blazed.ttf; sourceTree = "<group>"; };
		5FB8F2AC2A91167000DD0B78 /* AsphaltMadness.app */ = {isa = PBXFileReference; explicitFileType = wrapper.application; includeInIndex = 0; path = AsphaltMadness.app; sourceTree = BUILT_PRODUCTS_DIR; };
		5FB8F2AF2A91167000DD0B78 /* AppDelegate.swift */ = {isa = PBXFileReference; lastKnownFileType = sourcecode.swift; path = AppDelegate.swift; sourceTree = "<group>"; };
		5FB8F2B12A91167000DD0B78 /* SceneDelegate.swift */ = {isa = PBXFileReference; lastKnownFileType = sourcecode.swift; path = SceneDelegate.swift; sourceTree = "<group>"; };
		5FB8F2B82A91167100DD0B78 /* Assets.xcassets */ = {isa = PBXFileReference; lastKnownFileType = folder.assetcatalog; path = Assets.xcassets; sourceTree = "<group>"; };
		5FB8F2BB2A91167100DD0B78 /* Base */ = {isa = PBXFileReference; lastKnownFileType = file.storyboard; name = Base; path = Base.lproj/LaunchScreen.storyboard; sourceTree = "<group>"; };
		5FB8F2BD2A91167100DD0B78 /* Info.plist */ = {isa = PBXFileReference; lastKnownFileType = text.plist.xml; path = Info.plist; sourceTree = "<group>"; };
		5FB8F2CB2A91210B00DD0B78 /* AuthorizationVC.swift */ = {isa = PBXFileReference; lastKnownFileType = sourcecode.swift; path = AuthorizationVC.swift; sourceTree = "<group>"; };
		5FB8F2CD2A91211F00DD0B78 /* MainVC.swift */ = {isa = PBXFileReference; lastKnownFileType = sourcecode.swift; path = MainVC.swift; sourceTree = "<group>"; };
		5FB8F2CF2A91213D00DD0B78 /* GameVC.swift */ = {isa = PBXFileReference; lastKnownFileType = sourcecode.swift; path = GameVC.swift; sourceTree = "<group>"; };
		5FB8F2D32A91291F00DD0B78 /* Extensions.swift */ = {isa = PBXFileReference; lastKnownFileType = sourcecode.swift; path = Extensions.swift; sourceTree = "<group>"; };
		5FB8F2D92A9204AE00DD0B78 /* BackgroundView.swift */ = {isa = PBXFileReference; lastKnownFileType = sourcecode.swift; path = BackgroundView.swift; sourceTree = "<group>"; };
		5FB8F2E02A95244C00DD0B78 /* Enums.swift */ = {isa = PBXFileReference; lastKnownFileType = sourcecode.swift; path = Enums.swift; sourceTree = "<group>"; };
		5FD58C8E2A96895900A4B084 /* CarView.swift */ = {isa = PBXFileReference; lastKnownFileType = sourcecode.swift; path = CarView.swift; sourceTree = "<group>"; };
		5FFBDC262AA0BD0F00F2946F /* SettingsVC.swift */ = {isa = PBXFileReference; lastKnownFileType = sourcecode.swift; path = SettingsVC.swift; sourceTree = "<group>"; };
		6102FC22ABBB670D9B314065 /* Pods-AsphaltMadness.release.xcconfig */ = {isa = PBXFileReference; includeInIndex = 1; lastKnownFileType = text.xcconfig; name = "Pods-AsphaltMadness.release.xcconfig"; path = "Target Support Files/Pods-AsphaltMadness/Pods-AsphaltMadness.release.xcconfig"; sourceTree = "<group>"; };
		C32E7831934941CA6108BD0B /* Pods-AsphaltMadness.debug.xcconfig */ = {isa = PBXFileReference; includeInIndex = 1; lastKnownFileType = text.xcconfig; name = "Pods-AsphaltMadness.debug.xcconfig"; path = "Target Support Files/Pods-AsphaltMadness/Pods-AsphaltMadness.debug.xcconfig"; sourceTree = "<group>"; };
/* End PBXFileReference section */

/* Begin PBXFrameworksBuildPhase section */
		5FB8F2A92A91167000DD0B78 /* Frameworks */ = {
			isa = PBXFrameworksBuildPhase;
			buildActionMask = 2147483647;
			files = (
				22E9894D2FEDDDD69C1C9C2D /* Pods_AsphaltMadness.framework in Frameworks */,
			);
			runOnlyForDeploymentPostprocessing = 0;
		};
/* End PBXFrameworksBuildPhase section */

/* Begin PBXGroup section */
		3473F93DD2A16F68C6033D39 /* Pods */ = {
			isa = PBXGroup;
			children = (
				C32E7831934941CA6108BD0B /* Pods-AsphaltMadness.debug.xcconfig */,
				6102FC22ABBB670D9B314065 /* Pods-AsphaltMadness.release.xcconfig */,
			);
			path = Pods;
			sourceTree = "<group>";
		};
		5F570CBC2A97C96F00DA3E9C /* Fonts */ = {
			isa = PBXGroup;
			children = (
				5F570CBF2A97CB0B00DA3E9C /* Jura-Bold.ttf */,
				5FB418602AA77FDD00B356DC /* Blazed.ttf */,
			);
			path = Fonts;
			sourceTree = "<group>";
		};
		5FB8F2A32A91167000DD0B78 = {
			isa = PBXGroup;
			children = (
				5FB8F2AE2A91167000DD0B78 /* AsphaltMadness */,
				5FB8F2AD2A91167000DD0B78 /* Products */,
				3473F93DD2A16F68C6033D39 /* Pods */,
				C27D2C21948393E27C04DC52 /* Frameworks */,
			);
			sourceTree = "<group>";
		};
		5FB8F2AD2A91167000DD0B78 /* Products */ = {
			isa = PBXGroup;
			children = (
				5FB8F2AC2A91167000DD0B78 /* AsphaltMadness.app */,
			);
			name = Products;
			sourceTree = "<group>";
		};
		5FB8F2AE2A91167000DD0B78 /* AsphaltMadness */ = {
			isa = PBXGroup;
			children = (
				5FB8F2DB2A93C22800DD0B78 /* Application */,
				5FB8F2DC2A93C23B00DD0B78 /* Controllers */,
				5FB8F2DF2A93C2A900DD0B78 /* Views */,
				5FB8F2D32A91291F00DD0B78 /* Extensions.swift */,
				5FB8F2E02A95244C00DD0B78 /* Enums.swift */,
				5FB8F2DD2A93C27900DD0B78 /* Resources */,
				5FB8F2BD2A91167100DD0B78 /* Info.plist */,
			);
			path = AsphaltMadness;
			sourceTree = "<group>";
		};
		5FB8F2DB2A93C22800DD0B78 /* Application */ = {
			isa = PBXGroup;
			children = (
				5F570CBC2A97C96F00DA3E9C /* Fonts */,
				5FB8F2AF2A91167000DD0B78 /* AppDelegate.swift */,
				5FB8F2B12A91167000DD0B78 /* SceneDelegate.swift */,
			);
			path = Application;
			sourceTree = "<group>";
		};
		5FB8F2DC2A93C23B00DD0B78 /* Controllers */ = {
			isa = PBXGroup;
			children = (
				5FB8F2CB2A91210B00DD0B78 /* AuthorizationVC.swift */,
				5FB8F2CD2A91211F00DD0B78 /* MainVC.swift */,
				5FFBDC262AA0BD0F00F2946F /* SettingsVC.swift */,
				5FB8F2CF2A91213D00DD0B78 /* GameVC.swift */,
				5FB8F2BA2A91167100DD0B78 /* LaunchScreen.storyboard */,
			);
			path = Controllers;
			sourceTree = "<group>";
		};
		5FB8F2DD2A93C27900DD0B78 /* Resources */ = {
			isa = PBXGroup;
			children = (
				5FB8F2B82A91167100DD0B78 /* Assets.xcassets */,
			);
			path = Resources;
			sourceTree = "<group>";
		};
		5FB8F2DF2A93C2A900DD0B78 /* Views */ = {
			isa = PBXGroup;
			children = (
				5F9160742AA665D700658263 /* AdaptiveButton.swift */,
				5FD58C8E2A96895900A4B084 /* CarView.swift */,
				5FB8F2D92A9204AE00DD0B78 /* BackgroundView.swift */,
			);
			path = Views;
			sourceTree = "<group>";
		};
		C27D2C21948393E27C04DC52 /* Frameworks */ = {
			isa = PBXGroup;
			children = (
				54F07F57A60714F853FAEAA9 /* Pods_AsphaltMadness.framework */,
			);
			name = Frameworks;
			sourceTree = "<group>";
		};
/* End PBXGroup section */

/* Begin PBXNativeTarget section */
		5FB8F2AB2A91167000DD0B78 /* AsphaltMadness */ = {
			isa = PBXNativeTarget;
			buildConfigurationList = 5FB8F2C02A91167100DD0B78 /* Build configuration list for PBXNativeTarget "AsphaltMadness" */;
			buildPhases = (
				DCECCE31BAE0F678E02F26BF /* [CP] Check Pods Manifest.lock */,
				5FB8F2A82A91167000DD0B78 /* Sources */,
				5FB8F2A92A91167000DD0B78 /* Frameworks */,
				5FB8F2AA2A91167000DD0B78 /* Resources */,
				BC6EE2C90E8B9C604580CF53 /* [CP] Embed Pods Frameworks */,
			);
			buildRules = (
			);
			dependencies = (
			);
			name = AsphaltMadness;
			productName = AsphaltMadness;
			productReference = 5FB8F2AC2A91167000DD0B78 /* AsphaltMadness.app */;
			productType = "com.apple.product-type.application";
		};
/* End PBXNativeTarget section */

/* Begin PBXProject section */
		5FB8F2A42A91167000DD0B78 /* Project object */ = {
			isa = PBXProject;
			attributes = {
				BuildIndependentTargetsInParallel = 1;
				LastSwiftUpdateCheck = 1430;
				LastUpgradeCheck = 1430;
				TargetAttributes = {
					5FB8F2AB2A91167000DD0B78 = {
						CreatedOnToolsVersion = 14.3.1;
					};
				};
			};
			buildConfigurationList = 5FB8F2A72A91167000DD0B78 /* Build configuration list for PBXProject "AsphaltMadness" */;
			compatibilityVersion = "Xcode 14.0";
			developmentRegion = en;
			hasScannedForEncodings = 0;
			knownRegions = (
				en,
				Base,
			);
			mainGroup = 5FB8F2A32A91167000DD0B78;
			productRefGroup = 5FB8F2AD2A91167000DD0B78 /* Products */;
			projectDirPath = "";
			projectRoot = "";
			targets = (
				5FB8F2AB2A91167000DD0B78 /* AsphaltMadness */,
			);
		};
/* End PBXProject section */

/* Begin PBXResourcesBuildPhase section */
		5FB8F2AA2A91167000DD0B78 /* Resources */ = {
			isa = PBXResourcesBuildPhase;
			buildActionMask = 2147483647;
			files = (
				5FB8F2BC2A91167100DD0B78 /* LaunchScreen.storyboard in Resources */,
				5FB8F2B92A91167100DD0B78 /* Assets.xcassets in Resources */,
				5FB418612AA7800C00B356DC /* Blazed.ttf in Resources */,
				5F570CC02A97CB0B00DA3E9C /* Jura-Bold.ttf in Resources */,
			);
			runOnlyForDeploymentPostprocessing = 0;
		};
/* End PBXResourcesBuildPhase section */

/* Begin PBXShellScriptBuildPhase section */
		BC6EE2C90E8B9C604580CF53 /* [CP] Embed Pods Frameworks */ = {
			isa = PBXShellScriptBuildPhase;
			buildActionMask = 2147483647;
			files = (
			);
			inputFileListPaths = (
				"${PODS_ROOT}/Target Support Files/Pods-AsphaltMadness/Pods-AsphaltMadness-frameworks-${CONFIGURATION}-input-files.xcfilelist",
			);
			name = "[CP] Embed Pods Frameworks";
			outputFileListPaths = (
				"${PODS_ROOT}/Target Support Files/Pods-AsphaltMadness/Pods-AsphaltMadness-frameworks-${CONFIGURATION}-output-files.xcfilelist",
			);
			runOnlyForDeploymentPostprocessing = 0;
			shellPath = /bin/sh;
			shellScript = "\"${PODS_ROOT}/Target Support Files/Pods-AsphaltMadness/Pods-AsphaltMadness-frameworks.sh\"\n";
			showEnvVarsInLog = 0;
		};
		DCECCE31BAE0F678E02F26BF /* [CP] Check Pods Manifest.lock */ = {
			isa = PBXShellScriptBuildPhase;
			buildActionMask = 2147483647;
			files = (
			);
			inputFileListPaths = (
			);
			inputPaths = (
				"${PODS_PODFILE_DIR_PATH}/Podfile.lock",
				"${PODS_ROOT}/Manifest.lock",
			);
			name = "[CP] Check Pods Manifest.lock";
			outputFileListPaths = (
			);
			outputPaths = (
				"$(DERIVED_FILE_DIR)/Pods-AsphaltMadness-checkManifestLockResult.txt",
			);
			runOnlyForDeploymentPostprocessing = 0;
			shellPath = /bin/sh;
			shellScript = "diff \"${PODS_PODFILE_DIR_PATH}/Podfile.lock\" \"${PODS_ROOT}/Manifest.lock\" > /dev/null\nif [ $? != 0 ] ; then\n    # print error to STDERR\n    echo \"error: The sandbox is not in sync with the Podfile.lock. Run 'pod install' or update your CocoaPods installation.\" >&2\n    exit 1\nfi\n# This output is used by Xcode 'outputs' to avoid re-running this script phase.\necho \"SUCCESS\" > \"${SCRIPT_OUTPUT_FILE_0}\"\n";
			showEnvVarsInLog = 0;
		};
/* End PBXShellScriptBuildPhase section */

/* Begin PBXSourcesBuildPhase section */
		5FB8F2A82A91167000DD0B78 /* Sources */ = {
			isa = PBXSourcesBuildPhase;
			buildActionMask = 2147483647;
			files = (
				5FB8F2DA2A9204AE00DD0B78 /* BackgroundView.swift in Sources */,
				5FB8F2CE2A91211F00DD0B78 /* MainVC.swift in Sources */,
				5FD58C8F2A96895900A4B084 /* CarView.swift in Sources */,
				5FB8F2E12A95244C00DD0B78 /* Enums.swift in Sources */,
				5FFBDC272AA0BD0F00F2946F /* SettingsVC.swift in Sources */,
				5FB8F2B02A91167000DD0B78 /* AppDelegate.swift in Sources */,
				5FB8F2CC2A91210B00DD0B78 /* AuthorizationVC.swift in Sources */,
				5F9160752AA665D700658263 /* AdaptiveButton.swift in Sources */,
				5FB8F2D02A91213D00DD0B78 /* GameVC.swift in Sources */,
				5FB8F2B22A91167000DD0B78 /* SceneDelegate.swift in Sources */,
				5FB8F2D42A91291F00DD0B78 /* Extensions.swift in Sources */,
			);
			runOnlyForDeploymentPostprocessing = 0;
		};
/* End PBXSourcesBuildPhase section */

/* Begin PBXVariantGroup section */
		5FB8F2BA2A91167100DD0B78 /* LaunchScreen.storyboard */ = {
			isa = PBXVariantGroup;
			children = (
				5FB8F2BB2A91167100DD0B78 /* Base */,
			);
			name = LaunchScreen.storyboard;
			sourceTree = "<group>";
		};
/* End PBXVariantGroup section */

/* Begin XCBuildConfiguration section */
		5FB8F2BE2A91167100DD0B78 /* Debug */ = {
			isa = XCBuildConfiguration;
			buildSettings = {
				ALWAYS_SEARCH_USER_PATHS = NO;
				CLANG_ANALYZER_NONNULL = YES;
				CLANG_ANALYZER_NUMBER_OBJECT_CONVERSION = YES_AGGRESSIVE;
				CLANG_CXX_LANGUAGE_STANDARD = "gnu++20";
				CLANG_ENABLE_MODULES = YES;
				CLANG_ENABLE_OBJC_ARC = YES;
				CLANG_ENABLE_OBJC_WEAK = YES;
				CLANG_WARN_BLOCK_CAPTURE_AUTORELEASING = YES;
				CLANG_WARN_BOOL_CONVERSION = YES;
				CLANG_WARN_COMMA = YES;
				CLANG_WARN_CONSTANT_CONVERSION = YES;
				CLANG_WARN_DEPRECATED_OBJC_IMPLEMENTATIONS = YES;
				CLANG_WARN_DIRECT_OBJC_ISA_USAGE = YES_ERROR;
				CLANG_WARN_DOCUMENTATION_COMMENTS = YES;
				CLANG_WARN_EMPTY_BODY = YES;
				CLANG_WARN_ENUM_CONVERSION = YES;
				CLANG_WARN_INFINITE_RECURSION = YES;
				CLANG_WARN_INT_CONVERSION = YES;
				CLANG_WARN_NON_LITERAL_NULL_CONVERSION = YES;
				CLANG_WARN_OBJC_IMPLICIT_RETAIN_SELF = YES;
				CLANG_WARN_OBJC_LITERAL_CONVERSION = YES;
				CLANG_WARN_OBJC_ROOT_CLASS = YES_ERROR;
				CLANG_WARN_QUOTED_INCLUDE_IN_FRAMEWORK_HEADER = YES;
				CLANG_WARN_RANGE_LOOP_ANALYSIS = YES;
				CLANG_WARN_STRICT_PROTOTYPES = YES;
				CLANG_WARN_SUSPICIOUS_MOVE = YES;
				CLANG_WARN_UNGUARDED_AVAILABILITY = YES_AGGRESSIVE;
				CLANG_WARN_UNREACHABLE_CODE = YES;
				CLANG_WARN__DUPLICATE_METHOD_MATCH = YES;
				COPY_PHASE_STRIP = NO;
				DEBUG_INFORMATION_FORMAT = dwarf;
				ENABLE_STRICT_OBJC_MSGSEND = YES;
				ENABLE_TESTABILITY = YES;
				GCC_C_LANGUAGE_STANDARD = gnu11;
				GCC_DYNAMIC_NO_PIC = NO;
				GCC_NO_COMMON_BLOCKS = YES;
				GCC_OPTIMIZATION_LEVEL = 0;
				GCC_PREPROCESSOR_DEFINITIONS = (
					"DEBUG=1",
					"$(inherited)",
				);
				GCC_WARN_64_TO_32_BIT_CONVERSION = YES;
				GCC_WARN_ABOUT_RETURN_TYPE = YES_ERROR;
				GCC_WARN_UNDECLARED_SELECTOR = YES;
				GCC_WARN_UNINITIALIZED_AUTOS = YES_AGGRESSIVE;
				GCC_WARN_UNUSED_FUNCTION = YES;
				GCC_WARN_UNUSED_VARIABLE = YES;
				IPHONEOS_DEPLOYMENT_TARGET = 16.4;
				MTL_ENABLE_DEBUG_INFO = INCLUDE_SOURCE;
				MTL_FAST_MATH = YES;
				ONLY_ACTIVE_ARCH = YES;
				SDKROOT = iphoneos;
				SWIFT_ACTIVE_COMPILATION_CONDITIONS = DEBUG;
				SWIFT_OPTIMIZATION_LEVEL = "-Onone";
			};
			name = Debug;
		};
		5FB8F2BF2A91167100DD0B78 /* Release */ = {
			isa = XCBuildConfiguration;
			buildSettings = {
				ALWAYS_SEARCH_USER_PATHS = NO;
				CLANG_ANALYZER_NONNULL = YES;
				CLANG_ANALYZER_NUMBER_OBJECT_CONVERSION = YES_AGGRESSIVE;
				CLANG_CXX_LANGUAGE_STANDARD = "gnu++20";
				CLANG_ENABLE_MODULES = YES;
				CLANG_ENABLE_OBJC_ARC = YES;
				CLANG_ENABLE_OBJC_WEAK = YES;
				CLANG_WARN_BLOCK_CAPTURE_AUTORELEASING = YES;
				CLANG_WARN_BOOL_CONVERSION = YES;
				CLANG_WARN_COMMA = YES;
				CLANG_WARN_CONSTANT_CONVERSION = YES;
				CLANG_WARN_DEPRECATED_OBJC_IMPLEMENTATIONS = YES;
				CLANG_WARN_DIRECT_OBJC_ISA_USAGE = YES_ERROR;
				CLANG_WARN_DOCUMENTATION_COMMENTS = YES;
				CLANG_WARN_EMPTY_BODY = YES;
				CLANG_WARN_ENUM_CONVERSION = YES;
				CLANG_WARN_INFINITE_RECURSION = YES;
				CLANG_WARN_INT_CONVERSION = YES;
				CLANG_WARN_NON_LITERAL_NULL_CONVERSION = YES;
				CLANG_WARN_OBJC_IMPLICIT_RETAIN_SELF = YES;
				CLANG_WARN_OBJC_LITERAL_CONVERSION = YES;
				CLANG_WARN_OBJC_ROOT_CLASS = YES_ERROR;
				CLANG_WARN_QUOTED_INCLUDE_IN_FRAMEWORK_HEADER = YES;
				CLANG_WARN_RANGE_LOOP_ANALYSIS = YES;
				CLANG_WARN_STRICT_PROTOTYPES = YES;
				CLANG_WARN_SUSPICIOUS_MOVE = YES;
				CLANG_WARN_UNGUARDED_AVAILABILITY = YES_AGGRESSIVE;
				CLANG_WARN_UNREACHABLE_CODE = YES;
				CLANG_WARN__DUPLICATE_METHOD_MATCH = YES;
				COPY_PHASE_STRIP = NO;
				DEBUG_INFORMATION_FORMAT = "dwarf-with-dsym";
				ENABLE_NS_ASSERTIONS = NO;
				ENABLE_STRICT_OBJC_MSGSEND = YES;
				GCC_C_LANGUAGE_STANDARD = gnu11;
				GCC_NO_COMMON_BLOCKS = YES;
				GCC_WARN_64_TO_32_BIT_CONVERSION = YES;
				GCC_WARN_ABOUT_RETURN_TYPE = YES_ERROR;
				GCC_WARN_UNDECLARED_SELECTOR = YES;
				GCC_WARN_UNINITIALIZED_AUTOS = YES_AGGRESSIVE;
				GCC_WARN_UNUSED_FUNCTION = YES;
				GCC_WARN_UNUSED_VARIABLE = YES;
				IPHONEOS_DEPLOYMENT_TARGET = 16.4;
				MTL_ENABLE_DEBUG_INFO = NO;
				MTL_FAST_MATH = YES;
				SDKROOT = iphoneos;
				SWIFT_COMPILATION_MODE = wholemodule;
				SWIFT_OPTIMIZATION_LEVEL = "-O";
				VALIDATE_PRODUCT = YES;
			};
			name = Release;
		};
		5FB8F2C12A91167100DD0B78 /* Debug */ = {
			isa = XCBuildConfiguration;
			baseConfigurationReference = C32E7831934941CA6108BD0B /* Pods-AsphaltMadness.debug.xcconfig */;
			buildSettings = {
				ASSETCATALOG_COMPILER_APPICON_NAME = AppIcon;
				ASSETCATALOG_COMPILER_GLOBAL_ACCENT_COLOR_NAME = AccentColor;
				CODE_SIGN_STYLE = Automatic;
				CURRENT_PROJECT_VERSION = 1;
				DEVELOPMENT_TEAM = 9Q5PU57D77;
				GENERATE_INFOPLIST_FILE = YES;
				INFOPLIST_FILE = AsphaltMadness/Info.plist;
				INFOPLIST_KEY_UIApplicationSupportsIndirectInputEvents = YES;
				INFOPLIST_KEY_UILaunchStoryboardName = LaunchScreen;
				INFOPLIST_KEY_UISupportedInterfaceOrientations_iPad = "UIInterfaceOrientationPortrait UIInterfaceOrientationPortraitUpsideDown UIInterfaceOrientationLandscapeLeft UIInterfaceOrientationLandscapeRight";
				INFOPLIST_KEY_UISupportedInterfaceOrientations_iPhone = "UIInterfaceOrientationPortrait UIInterfaceOrientationLandscapeLeft UIInterfaceOrientationLandscapeRight";
				IPHONEOS_DEPLOYMENT_TARGET = 14.0;
				LD_RUNPATH_SEARCH_PATHS = (
					"$(inherited)",
					"@executable_path/Frameworks",
				);
				MARKETING_VERSION = 1.0;
				PRODUCT_BUNDLE_IDENTIFIER = "romanvlasov390-inbox.ru.AsphaltMadness";
				PRODUCT_NAME = "$(TARGET_NAME)";
				SUPPORTED_PLATFORMS = "iphoneos iphonesimulator";
				SUPPORTS_MACCATALYST = NO;
				SUPPORTS_MAC_DESIGNED_FOR_IPHONE_IPAD = NO;
				SWIFT_EMIT_LOC_STRINGS = YES;
				SWIFT_VERSION = 5.0;
				TARGETED_DEVICE_FAMILY = 1;
			};
			name = Debug;
		};
		5FB8F2C22A91167100DD0B78 /* Release */ = {
			isa = XCBuildConfiguration;
			baseConfigurationReference = 6102FC22ABBB670D9B314065 /* Pods-AsphaltMadness.release.xcconfig */;
			buildSettings = {
				ASSETCATALOG_COMPILER_APPICON_NAME = AppIcon;
				ASSETCATALOG_COMPILER_GLOBAL_ACCENT_COLOR_NAME = AccentColor;
				CODE_SIGN_STYLE = Automatic;
				CURRENT_PROJECT_VERSION = 1;
				DEVELOPMENT_TEAM = 9Q5PU57D77;
				GENERATE_INFOPLIST_FILE = YES;
				INFOPLIST_FILE = AsphaltMadness/Info.plist;
				INFOPLIST_KEY_UIApplicationSupportsIndirectInputEvents = YES;
				INFOPLIST_KEY_UILaunchStoryboardName = LaunchScreen;
				INFOPLIST_KEY_UISupportedInterfaceOrientations_iPad = "UIInterfaceOrientationPortrait UIInterfaceOrientationPortraitUpsideDown UIInterfaceOrientationLandscapeLeft UIInterfaceOrientationLandscapeRight";
				INFOPLIST_KEY_UISupportedInterfaceOrientations_iPhone = "UIInterfaceOrientationPortrait UIInterfaceOrientationLandscapeLeft UIInterfaceOrientationLandscapeRight";
				IPHONEOS_DEPLOYMENT_TARGET = 14.0;
				LD_RUNPATH_SEARCH_PATHS = (
					"$(inherited)",
					"@executable_path/Frameworks",
				);
				MARKETING_VERSION = 1.0;
				PRODUCT_BUNDLE_IDENTIFIER = "romanvlasov390-inbox.ru.AsphaltMadness";
				PRODUCT_NAME = "$(TARGET_NAME)";
				SUPPORTED_PLATFORMS = "iphoneos iphonesimulator";
				SUPPORTS_MACCATALYST = NO;
				SUPPORTS_MAC_DESIGNED_FOR_IPHONE_IPAD = NO;
				SWIFT_EMIT_LOC_STRINGS = YES;
				SWIFT_VERSION = 5.0;
				TARGETED_DEVICE_FAMILY = 1;
			};
			name = Release;
		};
/* End XCBuildConfiguration section */

/* Begin XCConfigurationList section */
		5FB8F2A72A91167000DD0B78 /* Build configuration list for PBXProject "AsphaltMadness" */ = {
			isa = XCConfigurationList;
			buildConfigurations = (
				5FB8F2BE2A91167100DD0B78 /* Debug */,
				5FB8F2BF2A91167100DD0B78 /* Release */,
			);
			defaultConfigurationIsVisible = 0;
			defaultConfigurationName = Release;
		};
		5FB8F2C02A91167100DD0B78 /* Build configuration list for PBXNativeTarget "AsphaltMadness" */ = {
			isa = XCConfigurationList;
			buildConfigurations = (
				5FB8F2C12A91167100DD0B78 /* Debug */,
				5FB8F2C22A91167100DD0B78 /* Release */,
			);
			defaultConfigurationIsVisible = 0;
			defaultConfigurationName = Release;
		};
/* End XCConfigurationList section */
	};
	rootObject = 5FB8F2A42A91167000DD0B78 /* Project object */;
}
